
Microsoft Visual Studio Solution File, Format Version 12.00
# Visual Studio Version 17
VisualStudioVersion = 17.6.33829.357
MinimumVisualStudioVersion = 10.0.40219.1
Project("{FAE04EC0-301F-11D3-BF4B-00C04F79EFBC}") = "Odevlerim", "Odevlerim\Odevlerim.csproj", "{02C9AFB3-08B5-4315-87EF-51DD1C41FACE}"
EndProject
Project("{FAE04EC0-301F-11D3-BF4B-00C04F79EFBC}") = "ClassMetotDemo", "ClassMetotDemo\ClassMetotDemo.csproj", "{41D6493E-9A30-4346-AB5B-6C3E9E95EE70}"
EndProject
Global
	GlobalSection(SolutionConfigurationPlatforms) = preSolution
		Debug|Any CPU = Debug|Any CPU
		Release|Any CPU = Release|Any CPU
	EndGlobalSection
	GlobalSection(ProjectConfigurationPlatforms) = postSolution
		{02C9AFB3-08B5-4315-87EF-51DD1C41FACE}.Debug|Any CPU.ActiveCfg = Debug|Any CPU
		{02C9AFB3-08B5-4315-87EF-51DD1C41FACE}.Debug|Any CPU.Build.0 = Debug|Any CPU
		{02C9AFB3-08B5-4315-87EF-51DD1C41FACE}.Release|Any CPU.ActiveCfg = Release|Any CPU
		{02C9AFB3-08B5-4315-87EF-51DD1C41FACE}.Release|Any CPU.Build.0 = Release|Any CPU
		{41D6493E-9A30-4346-AB5B-6C3E9E95EE70}.Debug|Any CPU.ActiveCfg = Debug|Any CPU
		{41D6493E-9A30-4346-AB5B-6C3E9E95EE70}.Debug|Any CPU.Build.0 = Debug|Any CPU
		{41D6493E-9A30-4346-AB5B-6C3E9E95EE70}.Release|Any CPU.ActiveCfg = Release|Any CPU
		{41D6493E-9A30-4346-AB5B-6C3E9E95EE70}.Release|Any CPU.Build.0 = Release|Any CPU
	EndGlobalSection
	GlobalSection(SolutionProperties) = preSolution
		HideSolutionNode = FALSE
	EndGlobalSection
	GlobalSection(ExtensibilityGlobals) = postSolution
		SolutionGuid = {62F98046-9971-4164-B664-B56EB7BFFDFA}
	EndGlobalSection
EndGlobal
